
Microsoft Visual Studio Solution File, Format Version 12.00
# Visual Studio 15
VisualStudioVersion = 15.0.28010.2048
MinimumVisualStudioVersion = 10.0.40219.1
Project("{FAE04EC0-301F-11D3-BF4B-00C04F79EFBC}") = "Groups", "Groups\Groups.csproj", "{928E4131-66E5-47FE-91A1-072DEE397673}"
EndProject
Global
	GlobalSection(SolutionConfigurationPlatforms) = preSolution
		Debug|Any CPU = Debug|Any CPU
		Release|Any CPU = Release|Any CPU
	EndGlobalSection
	GlobalSection(ProjectConfigurationPlatforms) = postSolution
		{928E4131-66E5-47FE-91A1-072DEE397673}.Debug|Any CPU.ActiveCfg = Debug|Any CPU
		{928E4131-66E5-47FE-91A1-072DEE397673}.Debug|Any CPU.Build.0 = Debug|Any CPU
		{928E4131-66E5-47FE-91A1-072DEE397673}.Release|Any CPU.ActiveCfg = Release|Any CPU
		{928E4131-66E5-47FE-91A1-072DEE397673}.Release|Any CPU.Build.0 = Release|Any CPU
	EndGlobalSection
	GlobalSection(SolutionProperties) = preSolution
		HideSolutionNode = FALSE
	EndGlobalSection
	GlobalSection(ExtensibilityGlobals) = postSolution
		SolutionGuid = {52F5BFCD-EB2C-41BE-9F13-331B52F78B74}
	EndGlobalSection
EndGlobal
