
Microsoft Visual Studio Solution File, Format Version 12.00
# Visual Studio 15
VisualStudioVersion = 15.0.27130.2010
MinimumVisualStudioVersion = 10.0.40219.1
Project("{FAE04EC0-301F-11D3-BF4B-00C04F79EFBC}") = "WFApp", "WFApp\WFApp.csproj", "{B02BABAD-0E7E-4856-9F7C-81ED7DDA5195}"
EndProject
Global
	GlobalSection(SolutionConfigurationPlatforms) = preSolution
		Debug|Any CPU = Debug|Any CPU
		Release|Any CPU = Release|Any CPU
	EndGlobalSection
	GlobalSection(ProjectConfigurationPlatforms) = postSolution
		{B02BABAD-0E7E-4856-9F7C-81ED7DDA5195}.Debug|Any CPU.ActiveCfg = Debug|Any CPU
		{B02BABAD-0E7E-4856-9F7C-81ED7DDA5195}.Debug|Any CPU.Build.0 = Debug|Any CPU
		{B02BABAD-0E7E-4856-9F7C-81ED7DDA5195}.Release|Any CPU.ActiveCfg = Release|Any CPU
		{B02BABAD-0E7E-4856-9F7C-81ED7DDA5195}.Release|Any CPU.Build.0 = Release|Any CPU
	EndGlobalSection
	GlobalSection(SolutionProperties) = preSolution
		HideSolutionNode = FALSE
	EndGlobalSection
	GlobalSection(ExtensibilityGlobals) = postSolution
		SolutionGuid = {92BE5CA6-9DD2-445D-9A9D-931988B75115}
	EndGlobalSection
EndGlobal
