
Microsoft Visual Studio Solution File, Format Version 12.00
# Visual Studio 15
VisualStudioVersion = 15.0.28307.106
MinimumVisualStudioVersion = 10.0.40219.1
Project("{FAE04EC0-301F-11D3-BF4B-00C04F79EFBC}") = "BooleanConfiguration", "BooleanConfiguration\BooleanConfiguration.csproj", "{E0B6F898-9E8E-4219-AA1E-550D660FBAB6}"
EndProject
Global
	GlobalSection(SolutionConfigurationPlatforms) = preSolution
		Debug|Any CPU = Debug|Any CPU
		Release|Any CPU = Release|Any CPU
	EndGlobalSection
	GlobalSection(ProjectConfigurationPlatforms) = postSolution
		{E0B6F898-9E8E-4219-AA1E-550D660FBAB6}.Debug|Any CPU.ActiveCfg = Debug|Any CPU
		{E0B6F898-9E8E-4219-AA1E-550D660FBAB6}.Debug|Any CPU.Build.0 = Debug|Any CPU
		{E0B6F898-9E8E-4219-AA1E-550D660FBAB6}.Release|Any CPU.ActiveCfg = Release|Any CPU
		{E0B6F898-9E8E-4219-AA1E-550D660FBAB6}.Release|Any CPU.Build.0 = Release|Any CPU
	EndGlobalSection
	GlobalSection(SolutionProperties) = preSolution
		HideSolutionNode = FALSE
	EndGlobalSection
	GlobalSection(ExtensibilityGlobals) = postSolution
		SolutionGuid = {6B450A1E-D9E9-43C1-A8DC-A378B1411BEB}
	EndGlobalSection
EndGlobal
